
Microsoft Visual Studio Solution File, Format Version 12.00
# Visual Studio 15
VisualStudioVersion = 15.0.26730.12
MinimumVisualStudioVersion = 10.0.40219.1
Project("{8BC9CEB8-8B4A-11D0-8D11-00A0C91BC942}") = "LinkListtest", "LinkListtest\LinkListtest.vcxproj", "{82459454-3D25-4A9B-BC96-D066FB6D37D6}"
EndProject
Global
	GlobalSection(SolutionConfigurationPlatforms) = preSolution
		Debug|x64 = Debug|x64
		Debug|x86 = Debug|x86
		Release|x64 = Release|x64
		Release|x86 = Release|x86
	EndGlobalSection
	GlobalSection(ProjectConfigurationPlatforms) = postSolution
		{82459454-3D25-4A9B-BC96-D066FB6D37D6}.Debug|x64.ActiveCfg = Debug|x64
		{82459454-3D25-4A9B-BC96-D066FB6D37D6}.Debug|x64.Build.0 = Debug|x64
		{82459454-3D25-4A9B-BC96-D066FB6D37D6}.Debug|x86.ActiveCfg = Debug|Win32
		{82459454-3D25-4A9B-BC96-D066FB6D37D6}.Debug|x86.Build.0 = Debug|Win32
		{82459454-3D25-4A9B-BC96-D066FB6D37D6}.Release|x64.ActiveCfg = Release|x64
		{82459454-3D25-4A9B-BC96-D066FB6D37D6}.Release|x64.Build.0 = Release|x64
		{82459454-3D25-4A9B-BC96-D066FB6D37D6}.Release|x86.ActiveCfg = Release|Win32
		{82459454-3D25-4A9B-BC96-D066FB6D37D6}.Release|x86.Build.0 = Release|Win32
	EndGlobalSection
	GlobalSection(SolutionProperties) = preSolution
		HideSolutionNode = FALSE
	EndGlobalSection
	GlobalSection(ExtensibilityGlobals) = postSolution
		SolutionGuid = {AF7F6B84-4EBD-4A3E-863D-4124FBC2B2A7}
	EndGlobalSection
EndGlobal
